// !$*UTF8*$!
{
	archiveVersion = 1;
	classes = {
	};
	objectVersion = 45;
	objects = {

/* Begin PBXBuildFile section */
		19187D5F6C36001296293206 /* main.cpp in Sources */ = {isa = PBXBuildFile; fileRef = 3DA339CE384C001296293206 /* main.cpp */; };
/* End PBXBuildFile section */

/* Begin PBXFileReference section */
		3DA339CE384C001296293206 /* main.cpp */ = {isa = PBXFileReference; lastKnownFileType = sourcecode.cpp.cpp; name = "main.cpp"; path = "main.cpp"; sourceTree = "<group>"; };
		3058227F5F84001296293206 /* rc-visual-send */ = {isa = PBXFileReference; explicitFileType = "compiled.mach-o.executable"; includeInIndex = 0; name = "rc-visual-send"; path = "rc-visual-send"; sourceTree = BUILT_PRODUCTS_DIR; };
/* End PBXFileReference section */

/* Begin PBXFrameworksBuildPhase section */
		1A59753D056E001296293206 /* Frameworks */ = {
			isa = PBXFrameworksBuildPhase;
			buildActionMask = 2147483647;
			files = (
			);
			runOnlyForDeploymentPostprocessing = 0;
		};
/* End PBXFrameworksBuildPhase section */

/* Begin PBXGroup section */
		5661253B4FBB001296293206 /* rc-visual-send */ = {
			isa = PBXGroup;
			children = (
				30EF24DE1D43001296293206 /* src */,
				619473EB0552001296293206 /* Products */,
			);
			name = rc-visual-send;
			sourceTree = "<group>";
		};
		30EF24DE1D43001296293206 /* src */ = {
			isa = PBXGroup;
			children = (
				50C344CD2F3C001296293206 /* rc-visual-send */,
			);
			name = src;
			path = ../src;
			sourceTree = "<group>";
		};
		50C344CD2F3C001296293206 /* rc-visual-send */ = {
			isa = PBXGroup;
			children = (
				3DA339CE384C001296293206 /* main.cpp */,
			);
			name = rc-visual-send;
			path = rc-visual-send;
			sourceTree = "<group>";
		};
		619473EB0552001296293206 /* Products */ = {
			isa = PBXGroup;
			children = (
				3058227F5F84001296293206 /* rc-visual-send */,
			);
			name = Products;
			sourceTree = "<group>";
		};
/* End PBXGroup section */

/* Begin PBXNativeTarget section */
		5A2F44BC1932001296293206 /* rc-visual-send */ = {
			isa = PBXNativeTarget;
			buildConfigurationList = 67B928F505E9001296293206 /* Build configuration list for PBXNativeTarget "rc-visual-send" */;
			buildPhases = (
				33C623397E85001296293206 /* Resources */,
				54F078F20E5F001296293206 /* Sources */,
				1A59753D056E001296293206 /* Frameworks */,
			);
			buildRules = (
			);
			dependencies = (
			);
			name = rc-visual-send;
			productInstallPath = "$(HOME)/bin";
			productName = rc-visual-send;
			productReference = 3058227F5F84001296293206 /* rc-visual-send */;
			productType = "com.apple.product-type.tool";
		};
/* End PBXNativeTarget section */

/* Begin PBXProject section */
		08FB7793FE84155DC02AAC07 /* Project object */ = {
			isa = PBXProject;
			buildConfigurationList = 1DEB928908733DD80010E9CD /* Build configuration list for PBXProject "rc-visual-send" */;
			compatibilityVersion = "Xcode 3.1";
			hasScannedForEncodings = 1;
			mainGroup = 5661253B4FBB001296293206 /* rc-visual-send */;
			projectDirPath = "";
			projectRoot = "";
			targets = (
				5A2F44BC1932001296293206 /* rc-visual-send */,
			);
		};
/* End PBXProject section */

/* Begin PBXResourcesBuildPhase section */
		33C623397E85001296293206 /* Resources */ = {
			isa = PBXResourcesBuildPhase;
			buildActionMask = 2147483647;
			files = (
			);
			runOnlyForDeploymentPostprocessing = 0;
		};
/* End PBXResourcesBuildPhase section */

/* Begin PBXSourcesBuildPhase section */
		54F078F20E5F001296293206 /* Sources */ = {
			isa = PBXSourcesBuildPhase;
			buildActionMask = 2147483647;
			files = (
				19187D5F6C36001296293206 /* main.cpp in Sources */,
			);
			runOnlyForDeploymentPostprocessing = 0;
		};
/* End PBXSourcesBuildPhase section */

/* Begin PBXVariantGroup section */
/* End PBXVariantGroup section */

/* Begin XCBuildConfiguration section */
		22E242D27E77001296293206 /* Debug */ = {
			isa = XCBuildConfiguration;
			buildSettings = {
				ALWAYS_SEARCH_USER_PATHS = NO;
				CONFIGURATION_BUILD_DIR = ../src/rc-visual-send;
				GCC_DYNAMIC_NO_PIC = NO;
				GCC_MODEL_TUNING = G5;
				INSTALL_PATH = /usr/local/bin;
				PRODUCT_NAME = "rc-visual-send";
			};
			name = "Debug";
		};
		633F64A919B9001296293206 /* Release */ = {
			isa = XCBuildConfiguration;
			buildSettings = {
				ALWAYS_SEARCH_USER_PATHS = NO;
				DEBUG_INFORMATION_FORMAT = "dwarf-with-dsym";
				CONFIGURATION_BUILD_DIR = ../src/rc-visual-send;
				GCC_DYNAMIC_NO_PIC = NO;
				GCC_MODEL_TUNING = G5;
				INSTALL_PATH = /usr/local/bin;
				PRODUCT_NAME = "rc-visual-send";
			};
			name = "Release";
		};
		56EB026C3D00001296293206 /* Debug */ = {
			isa = XCBuildConfiguration;
			buildSettings = {
				ARCHS = "$(NATIVE_ARCH_ACTUAL)";
				CONFIGURATION_BUILD_DIR = "$(SYMROOT)";
				CONFIGURATION_TEMP_DIR = "$(OBJROOT)";
				COPY_PHASE_STRIP = NO;
				GCC_C_LANGUAGE_STANDARD = gnu99;
				GCC_ENABLE_FIX_AND_CONTINUE = YES;
				GCC_OPTIMIZATION_LEVEL = 0;
				GCC_PREPROCESSOR_DEFINITIONS = (
					"DEBUG",
				);
				GCC_WARN_ABOUT_RETURN_TYPE = YES;
				GCC_WARN_UNUSED_VARIABLE = YES;
				HEADER_SEARCH_PATHS = (
					"../src",
					"../externals",
				);
				LIBRARY_SEARCH_PATHS = (
					"../externals/oscframework",
				);
				OBJROOT = "../obj/Debug/rc-visual-send";
				ONLY_ACTIVE_ARCH = NO;
				OTHER_LDFLAGS = (
					"-loscframework",
					"-llo",
					"-lpthread",
					"-lSDLmain",
					"-lSDL",
					"-lSDL_gfx",
					"-Wl,-framework,Cocoa",
					"-Wl,-framework,OpenGL",
					"-Wl,-framework,ApplicationServices",
					"-Wl,-framework,Carbon",
					"-Wl,-framework,AudioToolbox",
					"-Wl,-framework,AudioUnit",
					"-Wl,-framework,IOKit",
				);
				PREBINDING = NO;
				SYMROOT = "../src/rc-visual-send";
			};
			name = "Debug";
		};
		6E296B432977001296293206 /* Release */ = {
			isa = XCBuildConfiguration;
			buildSettings = {
				ARCHS = "$(NATIVE_ARCH_ACTUAL)";
				CONFIGURATION_BUILD_DIR = "$(SYMROOT)";
				CONFIGURATION_TEMP_DIR = "$(OBJROOT)";
				GCC_C_LANGUAGE_STANDARD = gnu99;
				GCC_OPTIMIZATION_LEVEL = s;
				GCC_PREPROCESSOR_DEFINITIONS = (
					"NDEBUG",
				);
				GCC_WARN_ABOUT_RETURN_TYPE = YES;
				GCC_WARN_UNUSED_VARIABLE = YES;
				HEADER_SEARCH_PATHS = (
					"../src",
					"../externals",
				);
				LIBRARY_SEARCH_PATHS = (
					"../externals/oscframework",
				);
				OBJROOT = "../obj/Release/rc-visual-send";
				ONLY_ACTIVE_ARCH = NO;
				OTHER_LDFLAGS = (
					"-loscframework",
					"-llo",
					"-lpthread",
					"-lSDLmain",
					"-lSDL",
					"-lSDL_gfx",
					"-Wl,-framework,Cocoa",
					"-Wl,-framework,OpenGL",
					"-Wl,-framework,ApplicationServices",
					"-Wl,-framework,Carbon",
					"-Wl,-framework,AudioToolbox",
					"-Wl,-framework,AudioUnit",
					"-Wl,-framework,IOKit",
				);
				PREBINDING = NO;
				SYMROOT = "../src/rc-visual-send";
			};
			name = "Release";
		};
/* End XCBuildConfiguration section */

/* Begin XCConfigurationList section */
		67B928F505E9001296293206 /* Build configuration list for PBXNativeTarget "rc-visual-send" */ = {
			isa = XCConfigurationList;
			buildConfigurations = (
				22E242D27E77001296293206 /* Debug */,
				633F64A919B9001296293206 /* Release */,
			);
			defaultConfigurationIsVisible = 0;
			defaultConfigurationName = "Debug";
		};
		1DEB928908733DD80010E9CD /* Build configuration list for PBXProject "rc-visual-send" */ = {
			isa = XCConfigurationList;
			buildConfigurations = (
				56EB026C3D00001296293206 /* Debug */,
				6E296B432977001296293206 /* Release */,
			);
			defaultConfigurationIsVisible = 0;
			defaultConfigurationName = "Debug";
		};
/* End XCConfigurationList section */

	};
	rootObject = 08FB7793FE84155DC02AAC07 /* Project object */;
}
