// !$*UTF8*$!
{
	archiveVersion = 1;
	classes = {
	};
	objectVersion = 45;
	objects = {

/* Begin PBXBuildFile section */
		76A0323E0DF7001278887864 /* main.cpp in Sources */ = {isa = PBXBuildFile; fileRef = 2B2C71777BDF001278887864 /* main.cpp */; };
/* End PBXBuildFile section */

/* Begin PBXFileReference section */
		2B2C71777BDF001278887864 /* main.cpp */ = {isa = PBXFileReference; lastKnownFileType = sourcecode.cpp.cpp; name = "main.cpp"; path = "main.cpp"; sourceTree = "<group>"; };
		5F2259B03DDB001278887864 /* rc-visual-send */ = {isa = PBXFileReference; explicitFileType = "compiled.mach-o.executable"; includeInIndex = 0; name = "rc-visual-send"; path = "rc-visual-send"; sourceTree = BUILT_PRODUCTS_DIR; };
/* End PBXFileReference section */

/* Begin PBXFrameworksBuildPhase section */
		38B51671060D001278887864 /* Frameworks */ = {
			isa = PBXFrameworksBuildPhase;
			buildActionMask = 2147483647;
			files = (
			);
			runOnlyForDeploymentPostprocessing = 0;
		};
/* End PBXFrameworksBuildPhase section */

/* Begin PBXGroup section */
		500455EE2BAB001278887864 /* rc-visual-send */ = {
			isa = PBXGroup;
			children = (
				015643E72CE9001278887864 /* src */,
				11F248E53404001278887864 /* Products */,
			);
			name = rc-visual-send;
			sourceTree = "<group>";
		};
		015643E72CE9001278887864 /* src */ = {
			isa = PBXGroup;
			children = (
				15D837F9465D001278887864 /* rc-visual-send */,
			);
			name = src;
			path = ../src;
			sourceTree = "<group>";
		};
		15D837F9465D001278887864 /* rc-visual-send */ = {
			isa = PBXGroup;
			children = (
				2B2C71777BDF001278887864 /* main.cpp */,
			);
			name = rc-visual-send;
			path = rc-visual-send;
			sourceTree = "<group>";
		};
		11F248E53404001278887864 /* Products */ = {
			isa = PBXGroup;
			children = (
				5F2259B03DDB001278887864 /* rc-visual-send */,
			);
			name = Products;
			sourceTree = "<group>";
		};
/* End PBXGroup section */

/* Begin PBXNativeTarget section */
		17C65C3B4CE0001278887864 /* rc-visual-send */ = {
			isa = PBXNativeTarget;
			buildConfigurationList = 2E604DF8650F001278887864 /* Build configuration list for PBXNativeTarget "rc-visual-send" */;
			buildPhases = (
				4E7C5C7C5C03001278887864 /* Resources */,
				012219E713B2001278887864 /* Sources */,
				38B51671060D001278887864 /* Frameworks */,
			);
			buildRules = (
			);
			dependencies = (
			);
			name = rc-visual-send;
			productInstallPath = "$(HOME)/bin";
			productName = rc-visual-send;
			productReference = 5F2259B03DDB001278887864 /* rc-visual-send */;
			productType = "com.apple.product-type.tool";
		};
/* End PBXNativeTarget section */

/* Begin PBXProject section */
		08FB7793FE84155DC02AAC07 /* Project object */ = {
			isa = PBXProject;
			buildConfigurationList = 1DEB928908733DD80010E9CD /* Build configuration list for PBXProject "rc-visual-send" */;
			compatibilityVersion = "Xcode 3.1";
			hasScannedForEncodings = 1;
			mainGroup = 500455EE2BAB001278887864 /* rc-visual-send */;
			projectDirPath = "";
			projectRoot = "";
			targets = (
				17C65C3B4CE0001278887864 /* rc-visual-send */,
			);
		};
/* End PBXProject section */

/* Begin PBXResourcesBuildPhase section */
		4E7C5C7C5C03001278887864 /* Resources */ = {
			isa = PBXResourcesBuildPhase;
			buildActionMask = 2147483647;
			files = (
			);
			runOnlyForDeploymentPostprocessing = 0;
		};
/* End PBXResourcesBuildPhase section */

/* Begin PBXSourcesBuildPhase section */
		012219E713B2001278887864 /* Sources */ = {
			isa = PBXSourcesBuildPhase;
			buildActionMask = 2147483647;
			files = (
				76A0323E0DF7001278887864 /* main.cpp in Sources */,
			);
			runOnlyForDeploymentPostprocessing = 0;
		};
/* End PBXSourcesBuildPhase section */

/* Begin PBXVariantGroup section */
/* End PBXVariantGroup section */

/* Begin XCBuildConfiguration section */
		23A27DB86818001278887864 /* Debug */ = {
			isa = XCBuildConfiguration;
			buildSettings = {
				ALWAYS_SEARCH_USER_PATHS = NO;
				CONFIGURATION_BUILD_DIR = ../src/rc-visual-send;
				GCC_DYNAMIC_NO_PIC = NO;
				GCC_MODEL_TUNING = G5;
				INSTALL_PATH = /usr/local/bin;
				PRODUCT_NAME = "rc-visual-send";
			};
			name = "Debug";
		};
		229857C349CE001278887864 /* Release */ = {
			isa = XCBuildConfiguration;
			buildSettings = {
				ALWAYS_SEARCH_USER_PATHS = NO;
				DEBUG_INFORMATION_FORMAT = "dwarf-with-dsym";
				CONFIGURATION_BUILD_DIR = ../src/rc-visual-send;
				GCC_DYNAMIC_NO_PIC = NO;
				GCC_MODEL_TUNING = G5;
				INSTALL_PATH = /usr/local/bin;
				PRODUCT_NAME = "rc-visual-send";
			};
			name = "Release";
		};
		270623236F4A001278887864 /* Debug */ = {
			isa = XCBuildConfiguration;
			buildSettings = {
				ARCHS = "$(NATIVE_ARCH_ACTUAL)";
				CONFIGURATION_BUILD_DIR = "$(SYMROOT)";
				CONFIGURATION_TEMP_DIR = "$(OBJROOT)";
				COPY_PHASE_STRIP = NO;
				GCC_C_LANGUAGE_STANDARD = gnu99;
				GCC_ENABLE_FIX_AND_CONTINUE = YES;
				GCC_OPTIMIZATION_LEVEL = 0;
				GCC_PREPROCESSOR_DEFINITIONS = (
					"DEBUG",
				);
				GCC_WARN_ABOUT_RETURN_TYPE = YES;
				GCC_WARN_UNUSED_VARIABLE = YES;
				HEADER_SEARCH_PATHS = (
					"../src",
					"../externals",
					"../../../../../../../opt/local/include",
				);
				LIBRARY_SEARCH_PATHS = (
					"../externals/oscframework",
					"../../../../../../../opt/local/lib",
				);
				OBJROOT = "../obj/Debug/rc-visual-send";
				ONLY_ACTIVE_ARCH = NO;
				OTHER_LDFLAGS = (
					"-loscframework",
					"-llo",
					"-lpthread",
					"-lSDLmain",
					"-lSDL",
					"-lSDL_gfx",
					"-Wl,-framework,Cocoa",
					"-Wl,-framework,OpenGL",
					"-Wl,-framework,ApplicationServices",
					"-Wl,-framework,Carbon",
					"-Wl,-framework,AudioToolbox",
					"-Wl,-framework,AudioUnit",
					"-Wl,-framework,IOKit",
				);
				PREBINDING = NO;
				SYMROOT = "../src/rc-visual-send";
			};
			name = "Debug";
		};
		105C40A742AE001278887864 /* Release */ = {
			isa = XCBuildConfiguration;
			buildSettings = {
				ARCHS = "$(NATIVE_ARCH_ACTUAL)";
				CONFIGURATION_BUILD_DIR = "$(SYMROOT)";
				CONFIGURATION_TEMP_DIR = "$(OBJROOT)";
				GCC_C_LANGUAGE_STANDARD = gnu99;
				GCC_OPTIMIZATION_LEVEL = s;
				GCC_PREPROCESSOR_DEFINITIONS = (
					"NDEBUG",
				);
				GCC_WARN_ABOUT_RETURN_TYPE = YES;
				GCC_WARN_UNUSED_VARIABLE = YES;
				HEADER_SEARCH_PATHS = (
					"../src",
					"../externals",
					"../../../../../../../opt/local/include",
				);
				LIBRARY_SEARCH_PATHS = (
					"../externals/oscframework",
					"../../../../../../../opt/local/lib",
				);
				OBJROOT = "../obj/Release/rc-visual-send";
				ONLY_ACTIVE_ARCH = NO;
				OTHER_LDFLAGS = (
					"-loscframework",
					"-llo",
					"-lpthread",
					"-lSDLmain",
					"-lSDL",
					"-lSDL_gfx",
					"-Wl,-framework,Cocoa",
					"-Wl,-framework,OpenGL",
					"-Wl,-framework,ApplicationServices",
					"-Wl,-framework,Carbon",
					"-Wl,-framework,AudioToolbox",
					"-Wl,-framework,AudioUnit",
					"-Wl,-framework,IOKit",
				);
				PREBINDING = NO;
				SYMROOT = "../src/rc-visual-send";
			};
			name = "Release";
		};
/* End XCBuildConfiguration section */

/* Begin XCConfigurationList section */
		2E604DF8650F001278887864 /* Build configuration list for PBXNativeTarget "rc-visual-send" */ = {
			isa = XCConfigurationList;
			buildConfigurations = (
				23A27DB86818001278887864 /* Debug */,
				229857C349CE001278887864 /* Release */,
			);
			defaultConfigurationIsVisible = 0;
			defaultConfigurationName = "Debug";
		};
		1DEB928908733DD80010E9CD /* Build configuration list for PBXProject "rc-visual-send" */ = {
			isa = XCConfigurationList;
			buildConfigurations = (
				270623236F4A001278887864 /* Debug */,
				105C40A742AE001278887864 /* Release */,
			);
			defaultConfigurationIsVisible = 0;
			defaultConfigurationName = "Debug";
		};
/* End XCConfigurationList section */

	};
	rootObject = 08FB7793FE84155DC02AAC07 /* Project object */;
}
