// !$*UTF8*$!
{
	archiveVersion = 1;
	classes = {
	};
	objectVersion = 45;
	objects = {

/* Begin PBXBuildFile section */
		030E3F727EB6001296293206 /* Bitmap.cpp in Sources */ = {isa = PBXBuildFile; fileRef = 54222D8048EC001296293206 /* Bitmap.cpp */; };
		0FFC154D7F68001296293206 /* Config.cpp in Sources */ = {isa = PBXBuildFile; fileRef = 1E855FCC0939001296293206 /* Config.cpp */; };
		180459692274001296293206 /* Image.cpp in Sources */ = {isa = PBXBuildFile; fileRef = 047600CE62D1001296293206 /* Image.cpp */; };
		20EF332E3917001296293206 /* Sprite.cpp in Sources */ = {isa = PBXBuildFile; fileRef = 1243713F02DB001296293206 /* Sprite.cpp */; };
		33FE71676140001296293206 /* App.cpp in Sources */ = {isa = PBXBuildFile; fileRef = 529A061A278F001296293206 /* App.cpp */; };
		383810886880001296293206 /* main.cpp in Sources */ = {isa = PBXBuildFile; fileRef = 1C1F486A2BD7001296293206 /* main.cpp */; };
		437C18CE0E6A001296293206 /* SceneManager.cpp in Sources */ = {isa = PBXBuildFile; fileRef = 0F3047F95535001296293206 /* SceneManager.cpp */; };
		4A87002129B7001296293206 /* Scene.cpp in Sources */ = {isa = PBXBuildFile; fileRef = 6A0A5307198E001296293206 /* Scene.cpp */; };
/* End PBXBuildFile section */

/* Begin PBXFileReference section */
		03075227352B001296293206 /* Pixel.h */ = {isa = PBXFileReference; lastKnownFileType = sourcecode.c.h; path = Pixel.h; sourceTree = "<group>"; };
		047600CE62D1001296293206 /* Image.cpp */ = {isa = PBXFileReference; lastKnownFileType = sourcecode.cpp.cpp; path = Image.cpp; sourceTree = "<group>"; };
		0F3047F95535001296293206 /* SceneManager.cpp */ = {isa = PBXFileReference; lastKnownFileType = sourcecode.cpp.cpp; path = SceneManager.cpp; sourceTree = "<group>"; };
		116F1C2C4CC3001296293206 /* Bitmap.h */ = {isa = PBXFileReference; lastKnownFileType = sourcecode.c.h; path = Bitmap.h; sourceTree = "<group>"; };
		1243713F02DB001296293206 /* Sprite.cpp */ = {isa = PBXFileReference; lastKnownFileType = sourcecode.cpp.cpp; path = Sprite.cpp; sourceTree = "<group>"; };
		12C4162C4F32001296293206 /* SceneManager.h */ = {isa = PBXFileReference; lastKnownFileType = sourcecode.c.h; path = SceneManager.h; sourceTree = "<group>"; };
		1BB733CE2B79001296293206 /* Sprite.h */ = {isa = PBXFileReference; lastKnownFileType = sourcecode.c.h; path = Sprite.h; sourceTree = "<group>"; };
		1C1F486A2BD7001296293206 /* main.cpp */ = {isa = PBXFileReference; lastKnownFileType = sourcecode.cpp.cpp; path = main.cpp; sourceTree = "<group>"; };
		1E855FCC0939001296293206 /* Config.cpp */ = {isa = PBXFileReference; lastKnownFileType = sourcecode.cpp.cpp; path = Config.cpp; sourceTree = "<group>"; };
		220A781C2F22001296293206 /* Config.h */ = {isa = PBXFileReference; lastKnownFileType = sourcecode.c.h; path = Config.h; sourceTree = "<group>"; };
		22780D164A18001296293206 /* rc-visual */ = {isa = PBXFileReference; explicitFileType = "compiled.mach-o.executable"; includeInIndex = 0; path = "rc-visual"; sourceTree = BUILT_PRODUCTS_DIR; };
		30F05D356422001296293206 /* Scene.h */ = {isa = PBXFileReference; lastKnownFileType = sourcecode.c.h; path = Scene.h; sourceTree = "<group>"; };
		3B712F701DEC001296293206 /* Objects.h */ = {isa = PBXFileReference; lastKnownFileType = sourcecode.c.h; path = Objects.h; sourceTree = "<group>"; };
		3CC151D9360B001296293206 /* Rect.h */ = {isa = PBXFileReference; lastKnownFileType = sourcecode.c.h; path = Rect.h; sourceTree = "<group>"; };
		4B2C40121D3E001296293206 /* DrawableObject.h */ = {isa = PBXFileReference; lastKnownFileType = sourcecode.c.h; path = DrawableObject.h; sourceTree = "<group>"; };
		529A061A278F001296293206 /* App.cpp */ = {isa = PBXFileReference; lastKnownFileType = sourcecode.cpp.cpp; path = App.cpp; sourceTree = "<group>"; };
		54222D8048EC001296293206 /* Bitmap.cpp */ = {isa = PBXFileReference; lastKnownFileType = sourcecode.cpp.cpp; path = Bitmap.cpp; sourceTree = "<group>"; };
		601602C4494F001296293206 /* App.h */ = {isa = PBXFileReference; lastKnownFileType = sourcecode.c.h; path = App.h; sourceTree = "<group>"; };
		62A34B880496001296293206 /* Common.h */ = {isa = PBXFileReference; lastKnownFileType = sourcecode.c.h; path = Common.h; sourceTree = "<group>"; };
		6A0A5307198E001296293206 /* Scene.cpp */ = {isa = PBXFileReference; lastKnownFileType = sourcecode.cpp.cpp; path = Scene.cpp; sourceTree = "<group>"; };
		6C6F0625756C001296293206 /* Line.h */ = {isa = PBXFileReference; lastKnownFileType = sourcecode.c.h; path = Line.h; sourceTree = "<group>"; };
		7D5B0AED60AE001296293206 /* Image.h */ = {isa = PBXFileReference; lastKnownFileType = sourcecode.c.h; path = Image.h; sourceTree = "<group>"; };
/* End PBXFileReference section */

/* Begin PBXFrameworksBuildPhase section */
		274E16006CEA001296293206 /* Frameworks */ = {
			isa = PBXFrameworksBuildPhase;
			buildActionMask = 2147483647;
			files = (
			);
			runOnlyForDeploymentPostprocessing = 0;
		};
/* End PBXFrameworksBuildPhase section */

/* Begin PBXGroup section */
		0D217E3E5846001296293206 /* src */ = {
			isa = PBXGroup;
			children = (
				6C083C424A65001296293206 /* rc-visual */,
			);
			name = src;
			path = ../src;
			sourceTree = "<group>";
		};
		277937250A2E001296293206 /* rc-visual */ = {
			isa = PBXGroup;
			children = (
				0D217E3E5846001296293206 /* src */,
				410416785BE4001296293206 /* Products */,
			);
			name = "rc-visual";
			sourceTree = "<group>";
		};
		2BE0180F1084001296293206 /* objects */ = {
			isa = PBXGroup;
			children = (
				54222D8048EC001296293206 /* Bitmap.cpp */,
				116F1C2C4CC3001296293206 /* Bitmap.h */,
				4B2C40121D3E001296293206 /* DrawableObject.h */,
				047600CE62D1001296293206 /* Image.cpp */,
				7D5B0AED60AE001296293206 /* Image.h */,
				6C6F0625756C001296293206 /* Line.h */,
				3B712F701DEC001296293206 /* Objects.h */,
				03075227352B001296293206 /* Pixel.h */,
				3CC151D9360B001296293206 /* Rect.h */,
				1243713F02DB001296293206 /* Sprite.cpp */,
				1BB733CE2B79001296293206 /* Sprite.h */,
			);
			path = objects;
			sourceTree = "<group>";
		};
		410416785BE4001296293206 /* Products */ = {
			isa = PBXGroup;
			children = (
				22780D164A18001296293206 /* rc-visual */,
			);
			name = Products;
			sourceTree = "<group>";
		};
		6C083C424A65001296293206 /* rc-visual */ = {
			isa = PBXGroup;
			children = (
				529A061A278F001296293206 /* App.cpp */,
				601602C4494F001296293206 /* App.h */,
				62A34B880496001296293206 /* Common.h */,
				1E855FCC0939001296293206 /* Config.cpp */,
				220A781C2F22001296293206 /* Config.h */,
				6A0A5307198E001296293206 /* Scene.cpp */,
				30F05D356422001296293206 /* Scene.h */,
				0F3047F95535001296293206 /* SceneManager.cpp */,
				12C4162C4F32001296293206 /* SceneManager.h */,
				1C1F486A2BD7001296293206 /* main.cpp */,
				2BE0180F1084001296293206 /* objects */,
			);
			path = "rc-visual";
			sourceTree = "<group>";
		};
/* End PBXGroup section */

/* Begin PBXNativeTarget section */
		78C01E4E506F001296293206 /* rc-visual */ = {
			isa = PBXNativeTarget;
			buildConfigurationList = 0F9323DA4C59001296293206 /* Build configuration list for PBXNativeTarget "rc-visual" */;
			buildPhases = (
				6D8C10054441001296293206 /* Resources */,
				2C436ABE19AC001296293206 /* Sources */,
				274E16006CEA001296293206 /* Frameworks */,
			);
			buildRules = (
			);
			dependencies = (
			);
			name = "rc-visual";
			productInstallPath = "$(HOME)/bin";
			productName = "rc-visual";
			productReference = 22780D164A18001296293206 /* rc-visual */;
			productType = "com.apple.product-type.tool";
		};
/* End PBXNativeTarget section */

/* Begin PBXProject section */
		08FB7793FE84155DC02AAC07 /* Project object */ = {
			isa = PBXProject;
			buildConfigurationList = 1DEB928908733DD80010E9CD /* Build configuration list for PBXProject "rc-visual" */;
			compatibilityVersion = "Xcode 3.1";
			developmentRegion = English;
			hasScannedForEncodings = 1;
			knownRegions = (
				English,
				Japanese,
				French,
				German,
			);
			mainGroup = 277937250A2E001296293206 /* rc-visual */;
			projectDirPath = "";
			projectRoot = "";
			targets = (
				78C01E4E506F001296293206 /* rc-visual */,
			);
		};
/* End PBXProject section */

/* Begin PBXResourcesBuildPhase section */
		6D8C10054441001296293206 /* Resources */ = {
			isa = PBXResourcesBuildPhase;
			buildActionMask = 2147483647;
			files = (
			);
			runOnlyForDeploymentPostprocessing = 0;
		};
/* End PBXResourcesBuildPhase section */

/* Begin PBXSourcesBuildPhase section */
		2C436ABE19AC001296293206 /* Sources */ = {
			isa = PBXSourcesBuildPhase;
			buildActionMask = 2147483647;
			files = (
				33FE71676140001296293206 /* App.cpp in Sources */,
				0FFC154D7F68001296293206 /* Config.cpp in Sources */,
				4A87002129B7001296293206 /* Scene.cpp in Sources */,
				437C18CE0E6A001296293206 /* SceneManager.cpp in Sources */,
				383810886880001296293206 /* main.cpp in Sources */,
				030E3F727EB6001296293206 /* Bitmap.cpp in Sources */,
				180459692274001296293206 /* Image.cpp in Sources */,
				20EF332E3917001296293206 /* Sprite.cpp in Sources */,
			);
			runOnlyForDeploymentPostprocessing = 0;
		};
/* End PBXSourcesBuildPhase section */

/* Begin XCBuildConfiguration section */
		0CAF50625D74001296293206 /* Release */ = {
			isa = XCBuildConfiguration;
			buildSettings = {
				ARCHS = "$(NATIVE_ARCH_ACTUAL)";
				CONFIGURATION_BUILD_DIR = "$(SYMROOT)";
				CONFIGURATION_TEMP_DIR = "$(OBJROOT)";
				GCC_C_LANGUAGE_STANDARD = gnu99;
				GCC_OPTIMIZATION_LEVEL = s;
				GCC_PREPROCESSOR_DEFINITIONS = NDEBUG;
				GCC_WARN_ABOUT_RETURN_TYPE = YES;
				GCC_WARN_UNUSED_VARIABLE = YES;
				HEADER_SEARCH_PATHS = (
					../src,
					../externals,
					../externals/visualframework,
				);
				LIBRARY_SEARCH_PATHS = (
					../externals/visualframework,
					../externals/xmlframework,
					../externals/oscframework,
				);
				OBJROOT = "../obj/Release/rc-visual";
				ONLY_ACTIVE_ARCH = NO;
				OTHER_LDFLAGS = (
					"-loscframework",
					"-lxmlframework",
					"-lvisualframework",
					"-lSDL_net",
					"-lSDL_ttf",
					"-lSDL_image",
					"-llo",
					"-lpthread",
					"-lSDLmain",
					"-lSDL",
					"-lSDL_gfx",
					"-Wl,-framework,Cocoa",
					"-Wl,-framework,OpenGL",
					"-Wl,-framework,ApplicationServices",
					"-Wl,-framework,Carbon",
					"-Wl,-framework,AudioToolbox",
					"-Wl,-framework,AudioUnit",
					"-Wl,-framework,IOKit",
				);
				PREBINDING = NO;
				SYMROOT = "../src/rc-visual";
			};
			name = Release;
		};
		12E52F40251C001296293206 /* Release */ = {
			isa = XCBuildConfiguration;
			buildSettings = {
				ALWAYS_SEARCH_USER_PATHS = NO;
				CONFIGURATION_BUILD_DIR = "../src/rc-visual";
				DEBUG_INFORMATION_FORMAT = "dwarf-with-dsym";
				GCC_DYNAMIC_NO_PIC = NO;
				GCC_MODEL_TUNING = G5;
				INSTALL_PATH = /usr/local/bin;
				PRODUCT_NAME = "rc-visual";
			};
			name = Release;
		};
		4B1F7F35251A001296293206 /* Debug */ = {
			isa = XCBuildConfiguration;
			buildSettings = {
				ALWAYS_SEARCH_USER_PATHS = NO;
				CONFIGURATION_BUILD_DIR = "../src/rc-visual";
				GCC_DYNAMIC_NO_PIC = NO;
				GCC_MODEL_TUNING = G5;
				INSTALL_PATH = /usr/local/bin;
				PRODUCT_NAME = "rc-visual";
			};
			name = Debug;
		};
		6B2B652C3DF4001296293206 /* Debug */ = {
			isa = XCBuildConfiguration;
			buildSettings = {
				ARCHS = "$(NATIVE_ARCH_ACTUAL)";
				CONFIGURATION_BUILD_DIR = "$(SYMROOT)";
				CONFIGURATION_TEMP_DIR = "$(OBJROOT)";
				COPY_PHASE_STRIP = NO;
				GCC_C_LANGUAGE_STANDARD = gnu99;
				GCC_ENABLE_FIX_AND_CONTINUE = YES;
				GCC_OPTIMIZATION_LEVEL = 0;
				GCC_PREPROCESSOR_DEFINITIONS = DEBUG;
				GCC_WARN_ABOUT_RETURN_TYPE = YES;
				GCC_WARN_UNUSED_VARIABLE = YES;
				HEADER_SEARCH_PATHS = (
					../src,
					../externals,
					../externals/visualframework,
				);
				LIBRARY_SEARCH_PATHS = (
					../externals/visualframework,
					../externals/xmlframework,
					../externals/oscframework,
				);
				OBJROOT = "../obj/Debug/rc-visual";
				ONLY_ACTIVE_ARCH = NO;
				OTHER_LDFLAGS = (
					"-loscframework",
					"-lxmlframework",
					"-lvisualframework",
					"-lSDL_net",
					"-lSDL_ttf",
					"-lSDL_image",
					"-llo",
					"-lpthread",
					"-lSDLmain",
					"-lSDL",
					"-lSDL_gfx",
					"-Wl,-framework,Cocoa",
					"-Wl,-framework,OpenGL",
					"-Wl,-framework,ApplicationServices",
					"-Wl,-framework,Carbon",
					"-Wl,-framework,AudioToolbox",
					"-Wl,-framework,AudioUnit",
					"-Wl,-framework,IOKit",
				);
				PREBINDING = NO;
				SYMROOT = "../src/rc-visual";
			};
			name = Debug;
		};
/* End XCBuildConfiguration section */

/* Begin XCConfigurationList section */
		0F9323DA4C59001296293206 /* Build configuration list for PBXNativeTarget "rc-visual" */ = {
			isa = XCConfigurationList;
			buildConfigurations = (
				4B1F7F35251A001296293206 /* Debug */,
				12E52F40251C001296293206 /* Release */,
			);
			defaultConfigurationIsVisible = 0;
			defaultConfigurationName = Debug;
		};
		1DEB928908733DD80010E9CD /* Build configuration list for PBXProject "rc-visual" */ = {
			isa = XCConfigurationList;
			buildConfigurations = (
				6B2B652C3DF4001296293206 /* Debug */,
				0CAF50625D74001296293206 /* Release */,
			);
			defaultConfigurationIsVisible = 0;
			defaultConfigurationName = Debug;
		};
/* End XCConfigurationList section */
	};
	rootObject = 08FB7793FE84155DC02AAC07 /* Project object */;
}
